<?xml version="1.0" encoding="utf-8"?>
<Project ToolsVersion="4.0" xmlns="http://schemas.microsoft.com/developer/msbuild/2003">
  <ItemGroup>
    <Filter Include="Archivos de origen">
      <UniqueIdentifier>{4FC737F1-C7A5-4376-A066-2A32D752A2FF}</UniqueIdentifier>
      <Extensions>cpp;c;cc;cxx;c++;cppm;ixx;def;odl;idl;hpj;bat;asm;asmx</Extensions>
    </Filter>
    <Filter Include="Archivos de origen\Player">
      <UniqueIdentifier>{03c6f404-7856-4aac-85ab-54d01070b739}</UniqueIdentifier>
    </Filter>
    <Filter Include="Archivos de origen\Ground">
      <UniqueIdentifier>{ae9796f6-f68f-4f40-8d1c-4f7a9aa8a0a6}</UniqueIdentifier>
    </Filter>
    <Filter Include="Archivos de origen\Enemies">
      <UniqueIdentifier>{6541dcdb-a931-494b-81a0-fb5a676c2fe6}</UniqueIdentifier>
    </Filter>
    <Filter Include="Archivos de origen\Bullets">
      <UniqueIdentifier>{37b0f0f6-7a2f-4d44-b449-84b7e810509f}</UniqueIdentifier>
    </Filter>
    <Filter Include="Archivos de origen\choiceMenu">
      <UniqueIdentifier>{e6db9f24-4adb-405d-86b2-bfff96b91348}</UniqueIdentifier>
    </Filter>
  </ItemGroup>
  <ItemGroup>
    <ClCompile Include="main.cpp">
      <Filter>Archivos de origen</Filter>
    </ClCompile>
    <ClCompile Include="..\SRC\Ground\Ground.cpp">
      <Filter>Archivos de origen\Ground</Filter>
    </ClCompile>
    <ClCompile Include="..\SRC\Enemies\Enemies.cpp">
      <Filter>Archivos de origen\Enemies</Filter>
    </ClCompile>
    <ClCompile Include="..\SRC\Bullets\Bullets.cpp">
      <Filter>Archivos de origen\Bullets</Filter>
    </ClCompile>
    <ClCompile Include="..\SRC\Player\Player.cpp">
      <Filter>Archivos de origen\Player</Filter>
    </ClCompile>
    <ClCompile Include="..\SRC\ChoiceMenu\ChoiceMenu.cpp">
      <Filter>Archivos de origen\choiceMenu</Filter>
    </ClCompile>
  </ItemGroup>
  <ItemGroup>
    <ClInclude Include="..\SRC\Player\Player.h">
      <Filter>Archivos de origen\Player</Filter>
    </ClInclude>
    <ClInclude Include="..\SRC\Ground\Ground.h">
      <Filter>Archivos de origen\Ground</Filter>
    </ClInclude>
    <ClInclude Include="..\SRC\Enemies\Enemies.h">
      <Filter>Archivos de origen\Enemies</Filter>
    </ClInclude>
    <ClInclude Include="..\SRC\Bullets\Bullets.h">
      <Filter>Archivos de origen\Bullets</Filter>
    </ClInclude>
    <ClInclude Include="..\SRC\ChoiceMenu\ChoiceMenu.h">
      <Filter>Archivos de origen\choiceMenu</Filter>
    </ClInclude>
  </ItemGroup>
</Project>